# This file is automatically @generated by Cargo.
# It is not intended for manual editing.
[[package]]
name = "episode2"
version = "0.1.0"
dependencies = [
 "volatile",
]

[[package]]
name = "volatile"
version = "0.4.2"
source = "registry+https://github.com/rust-lang/crates.io-index"
checksum = "8b53d47a0f279fc0a9d9d1d82f4c6f313eb63b73e2a85d9c27fd609084cfa08f"
